
Microsoft Visual Studio Solution File, Format Version 12.00
# Visual Studio Version 17
VisualStudioVersion = 17.8.34004.107
MinimumVisualStudioVersion = 10.0.40219.1
Project("{9A19103F-16F7-4668-BE54-9A1E7A4F7556}") = "FunctionalSharp", "FunctionalSharp\FunctionalSharp.csproj", "{9E7A3086-D7C4-400F-ACC4-B822A40F38CE}"
EndProject
Project("{9A19103F-16F7-4668-BE54-9A1E7A4F7556}") = "Tests", "Tests\Tests.csproj", "{17F286ED-01C8-4F05-A918-8877E2C176A7}"
EndProject
Global
	GlobalSection(SolutionConfigurationPlatforms) = preSolution
		Debug|Any CPU = Debug|Any CPU
		Release|Any CPU = Release|Any CPU
	EndGlobalSection
	GlobalSection(ProjectConfigurationPlatforms) = postSolution
		{9E7A3086-D7C4-400F-ACC4-B822A40F38CE}.Debug|Any CPU.ActiveCfg = Debug|Any CPU
		{9E7A3086-D7C4-400F-ACC4-B822A40F38CE}.Debug|Any CPU.Build.0 = Debug|Any CPU
		{9E7A3086-D7C4-400F-ACC4-B822A40F38CE}.Release|Any CPU.ActiveCfg = Release|Any CPU
		{9E7A3086-D7C4-400F-ACC4-B822A40F38CE}.Release|Any CPU.Build.0 = Release|Any CPU
		{17F286ED-01C8-4F05-A918-8877E2C176A7}.Debug|Any CPU.ActiveCfg = Debug|Any CPU
		{17F286ED-01C8-4F05-A918-8877E2C176A7}.Debug|Any CPU.Build.0 = Debug|Any CPU
		{17F286ED-01C8-4F05-A918-8877E2C176A7}.Release|Any CPU.ActiveCfg = Release|Any CPU
		{17F286ED-01C8-4F05-A918-8877E2C176A7}.Release|Any CPU.Build.0 = Release|Any CPU
	EndGlobalSection
	GlobalSection(SolutionProperties) = preSolution
		HideSolutionNode = FALSE
	EndGlobalSection
	GlobalSection(ExtensibilityGlobals) = postSolution
		SolutionGuid = {BDBB5C26-4678-460D-ADED-B067DD1FFA3C}
	EndGlobalSection
EndGlobal
